
Microsoft Visual Studio Solution File, Format Version 12.00
# Visual Studio 14
VisualStudioVersion = 14.0.25123.0
MinimumVisualStudioVersion = 10.0.40219.1
Project("{2150E333-8FDC-42A3-9474-1A3956D46DE8}") = "Test", "Test", "{CCE43E55-5844-4876-B6A4-DFDAA963076F}"
EndProject
Project("{2150E333-8FDC-42A3-9474-1A3956D46DE8}") = "Source", "Source", "{3593095D-1D3B-4464-87ED-4AB22262F622}"
EndProject
Project("{2150E333-8FDC-42A3-9474-1A3956D46DE8}") = "Documentation", "Documentation", "{DA3E86EB-1CD5-4407-BCC2-9509049D67FB}"
	ProjectSection(SolutionItems) = preProject
		..\Doc\NamespaceDependencies.dgml = ..\Doc\NamespaceDependencies.dgml
		..\Doc\NamespacesDocs.xml = ..\Doc\NamespacesDocs.xml
		..\Doc\SyncWcf.shfbproj = ..\Doc\SyncWcf.shfbproj
	EndProjectSection
EndProject
Project("{FAE04EC0-301F-11D3-BF4B-00C04F79EFBC}") = "PhotoAtomic.Communication.Wcf.Silverlight.Interface.Test", "PhotoAtomic.Communication.Wcf.Silverlight.Interface.Test\PhotoAtomic.Communication.Wcf.Silverlight.Interface.Test.csproj", "{605742CB-A2D5-46C9-9805-A871A1684E44}"
EndProject
Project("{FAE04EC0-301F-11D3-BF4B-00C04F79EFBC}") = "PhotoAtomic.Communication.Wcf.Silverlight.Test", "PhotoAtomic.Communication.Wcf.Silverlight.Test\PhotoAtomic.Communication.Wcf.Silverlight.Test.csproj", "{4BEAB54D-9E62-4133-A94D-E30D62A5580A}"
EndProject
Project("{FAE04EC0-301F-11D3-BF4B-00C04F79EFBC}") = "PhotoAtomic.Communication.Wcf.Silverlight.Test.Web", "PhotoAtomic.Communication.Wcf.Silverlight.Test.Web\PhotoAtomic.Communication.Wcf.Silverlight.Test.Web.csproj", "{E3ECD1FE-0EFC-46A1-826F-DB77F177C95E}"
EndProject
Project("{FAE04EC0-301F-11D3-BF4B-00C04F79EFBC}") = "PhotoAtomic.Communication.Wcf.Silverlight.Interface2.Test", "PhotoAtomic.Communication.Wcf.Silverlight.Interface2.Test\PhotoAtomic.Communication.Wcf.Silverlight.Interface2.Test.csproj", "{7F5DB277-9F03-467B-90F8-8AB70B5AC4DD}"
EndProject
Project("{FAE04EC0-301F-11D3-BF4B-00C04F79EFBC}") = "PhotoAtomic.SyncWcf", "PhotoAtomic.SyncWcf\PhotoAtomic.SyncWcf.csproj", "{DCCA8373-40E8-4145-B7F2-E6325607AC4B}"
EndProject
Project("{FAE04EC0-301F-11D3-BF4B-00C04F79EFBC}") = "PhotoAtomic.Communication.Wcf.Silverlight.Interface3.Test", "PhotoAtomic.Communication.Wcf.Silverlight.Interface3.Test\PhotoAtomic.Communication.Wcf.Silverlight.Interface3.Test.csproj", "{B3A56B69-EB30-4AC3-B3A9-197F077D594D}"
EndProject
Global
	GlobalSection(SolutionConfigurationPlatforms) = preSolution
		Debug|Any CPU = Debug|Any CPU
		Release|Any CPU = Release|Any CPU
	EndGlobalSection
	GlobalSection(ProjectConfigurationPlatforms) = postSolution
		{605742CB-A2D5-46C9-9805-A871A1684E44}.Debug|Any CPU.ActiveCfg = Debug|Any CPU
		{605742CB-A2D5-46C9-9805-A871A1684E44}.Debug|Any CPU.Build.0 = Debug|Any CPU
		{605742CB-A2D5-46C9-9805-A871A1684E44}.Release|Any CPU.ActiveCfg = Release|Any CPU
		{605742CB-A2D5-46C9-9805-A871A1684E44}.Release|Any CPU.Build.0 = Release|Any CPU
		{4BEAB54D-9E62-4133-A94D-E30D62A5580A}.Debug|Any CPU.ActiveCfg = Debug|Any CPU
		{4BEAB54D-9E62-4133-A94D-E30D62A5580A}.Debug|Any CPU.Build.0 = Debug|Any CPU
		{4BEAB54D-9E62-4133-A94D-E30D62A5580A}.Release|Any CPU.ActiveCfg = Release|Any CPU
		{4BEAB54D-9E62-4133-A94D-E30D62A5580A}.Release|Any CPU.Build.0 = Release|Any CPU
		{E3ECD1FE-0EFC-46A1-826F-DB77F177C95E}.Debug|Any CPU.ActiveCfg = Debug|Any CPU
		{E3ECD1FE-0EFC-46A1-826F-DB77F177C95E}.Debug|Any CPU.Build.0 = Debug|Any CPU
		{E3ECD1FE-0EFC-46A1-826F-DB77F177C95E}.Release|Any CPU.ActiveCfg = Release|Any CPU
		{E3ECD1FE-0EFC-46A1-826F-DB77F177C95E}.Release|Any CPU.Build.0 = Release|Any CPU
		{7F5DB277-9F03-467B-90F8-8AB70B5AC4DD}.Debug|Any CPU.ActiveCfg = Debug|Any CPU
		{7F5DB277-9F03-467B-90F8-8AB70B5AC4DD}.Debug|Any CPU.Build.0 = Debug|Any CPU
		{7F5DB277-9F03-467B-90F8-8AB70B5AC4DD}.Release|Any CPU.ActiveCfg = Release|Any CPU
		{7F5DB277-9F03-467B-90F8-8AB70B5AC4DD}.Release|Any CPU.Build.0 = Release|Any CPU
		{DCCA8373-40E8-4145-B7F2-E6325607AC4B}.Debug|Any CPU.ActiveCfg = Debug|Any CPU
		{DCCA8373-40E8-4145-B7F2-E6325607AC4B}.Debug|Any CPU.Build.0 = Debug|Any CPU
		{DCCA8373-40E8-4145-B7F2-E6325607AC4B}.Release|Any CPU.ActiveCfg = Release|Any CPU
		{DCCA8373-40E8-4145-B7F2-E6325607AC4B}.Release|Any CPU.Build.0 = Release|Any CPU
		{B3A56B69-EB30-4AC3-B3A9-197F077D594D}.Debug|Any CPU.ActiveCfg = Debug|Any CPU
		{B3A56B69-EB30-4AC3-B3A9-197F077D594D}.Debug|Any CPU.Build.0 = Debug|Any CPU
		{B3A56B69-EB30-4AC3-B3A9-197F077D594D}.Release|Any CPU.ActiveCfg = Release|Any CPU
		{B3A56B69-EB30-4AC3-B3A9-197F077D594D}.Release|Any CPU.Build.0 = Release|Any CPU
	EndGlobalSection
	GlobalSection(SolutionProperties) = preSolution
		HideSolutionNode = FALSE
	EndGlobalSection
	GlobalSection(NestedProjects) = preSolution
		{605742CB-A2D5-46C9-9805-A871A1684E44} = {CCE43E55-5844-4876-B6A4-DFDAA963076F}
		{4BEAB54D-9E62-4133-A94D-E30D62A5580A} = {CCE43E55-5844-4876-B6A4-DFDAA963076F}
		{E3ECD1FE-0EFC-46A1-826F-DB77F177C95E} = {CCE43E55-5844-4876-B6A4-DFDAA963076F}
		{7F5DB277-9F03-467B-90F8-8AB70B5AC4DD} = {CCE43E55-5844-4876-B6A4-DFDAA963076F}
		{DCCA8373-40E8-4145-B7F2-E6325607AC4B} = {3593095D-1D3B-4464-87ED-4AB22262F622}
		{B3A56B69-EB30-4AC3-B3A9-197F077D594D} = {CCE43E55-5844-4876-B6A4-DFDAA963076F}
	EndGlobalSection
	GlobalSection(TeamFoundationVersionControl) = preSolution
		SccNumberOfProjects = 7
		SccEnterpriseProvider = {4CA58AB2-18FA-4F8D-95D4-32DDF27D184C}
		SccTeamFoundationServer = https://tfs.codeplex.com/tfs/tfs06
		SccLocalPath0 = .
		SccProjectUniqueName1 = PhotoAtomic.Communication.Wcf.Silverlight.Interface.Test\\PhotoAtomic.Communication.Wcf.Silverlight.Interface.Test.csproj
		SccProjectTopLevelParentUniqueName1 = PhotoAtomic.SyncWcf.sln
		SccProjectName1 = PhotoAtomic.Communication.Wcf.Silverlight.Interface.Test
		SccLocalPath1 = PhotoAtomic.Communication.Wcf.Silverlight.Interface.Test
		SccProjectUniqueName2 = PhotoAtomic.Communication.Wcf.Silverlight.Test\\PhotoAtomic.Communication.Wcf.Silverlight.Test.csproj
		SccProjectTopLevelParentUniqueName2 = PhotoAtomic.SyncWcf.sln
		SccProjectName2 = PhotoAtomic.Communication.Wcf.Silverlight.Test
		SccLocalPath2 = PhotoAtomic.Communication.Wcf.Silverlight.Test
		SccProjectUniqueName3 = PhotoAtomic.Communication.Wcf.Silverlight.Test.Web\\PhotoAtomic.Communication.Wcf.Silverlight.Test.Web.csproj
		SccProjectTopLevelParentUniqueName3 = PhotoAtomic.SyncWcf.sln
		SccProjectName3 = PhotoAtomic.Communication.Wcf.Silverlight.Test.Web
		SccLocalPath3 = PhotoAtomic.Communication.Wcf.Silverlight.Test.Web
		SccProjectUniqueName4 = PhotoAtomic.Communication.Wcf.Silverlight.Interface2.Test\\PhotoAtomic.Communication.Wcf.Silverlight.Interface2.Test.csproj
		SccProjectTopLevelParentUniqueName4 = PhotoAtomic.SyncWcf.sln
		SccProjectName4 = PhotoAtomic.Communication.Wcf.Silverlight.Interface2.Test
		SccLocalPath4 = PhotoAtomic.Communication.Wcf.Silverlight.Interface2.Test
		SccProjectUniqueName5 = PhotoAtomic.SyncWcf\\PhotoAtomic.SyncWcf.csproj
		SccProjectTopLevelParentUniqueName5 = PhotoAtomic.SyncWcf.sln
		SccProjectName5 = PhotoAtomic.SyncWcf
		SccLocalPath5 = PhotoAtomic.SyncWcf
		SccProjectUniqueName6 = PhotoAtomic.Communication.Wcf.Silverlight.Interface3.Test\\PhotoAtomic.Communication.Wcf.Silverlight.Interface3.Test.csproj
		SccProjectTopLevelParentUniqueName6 = PhotoAtomic.SyncWcf.sln
		SccProjectName6 = PhotoAtomic.Communication.Wcf.Silverlight.Interface3.Test
		SccLocalPath6 = PhotoAtomic.Communication.Wcf.Silverlight.Interface3.Test
	EndGlobalSection
	GlobalSection(TestCaseManagementSettings) = postSolution
		CategoryFile = Aptuit.BioLims.vsmdi
	EndGlobalSection
EndGlobal
